PODS:
  - AVOSCloud (2.6.10.2)
  - libextobjc (0.4.1):
    - libextobjc/EXTADT (= 0.4.1)
    - libextobjc/EXTConcreteProtocol (= 0.4.1)
    - libextobjc/EXTKeyPathCoding (= 0.4.1)
    - libextobjc/EXTNil (= 0.4.1)
    - libextobjc/EXTSafeCategory (= 0.4.1)
    - libextobjc/EXTScope (= 0.4.1)
    - libextobjc/EXTSelectorChecking (= 0.4.1)
    - libextobjc/EXTSynthesize (= 0.4.1)
    - libextobjc/NSInvocation+EXT (= 0.4.1)
    - libextobjc/NSMethodSignature+EXT (= 0.4.1)
    - libextobjc/RuntimeExtensions (= 0.4.1)
    - libextobjc/UmbrellaHeader (= 0.4.1)
  - libextobjc/EXTADT (0.4.1):
    - libextobjc/RuntimeExtensions
  - libextobjc/EXTConcreteProtocol (0.4.1):
    - libextobjc/RuntimeExtensions
  - libextobjc/EXTKeyPathCoding (0.4.1):
    - libextobjc/RuntimeExtensions
  - libextobjc/EXTNil (0.4.1):
    - libextobjc/RuntimeExtensions
  - libextobjc/EXTSafeCategory (0.4.1):
    - libextobjc/RuntimeExtensions
  - libextobjc/EXTScope (0.4.1):
    - libextobjc/RuntimeExtensions
  - libextobjc/EXTSelectorChecking (0.4.1):
    - libextobjc/RuntimeExtensions
  - libextobjc/EXTSynthesize (0.4.1):
    - libextobjc/RuntimeExtensions
  - libextobjc/NSInvocation+EXT (0.4.1):
    - libextobjc/RuntimeExtensions
  - libextobjc/NSMethodSignature+EXT (0.4.1):
    - libextobjc/RuntimeExtensions
  - libextobjc/RuntimeExtensions (0.4.1)
  - libextobjc/UmbrellaHeader (0.4.1)
  - ObjectiveSugar (1.1.0)
  - SSKeychain (1.2.2)
  - XXNibBridge (2.1)

DEPENDENCIES:
  - AVOSCloud (~> 2.6.10)
  - libextobjc (~> 0.4.1)
  - ObjectiveSugar (~> 1.1.0)
  - SSKeychain
  - XXNibBridge (~> 2.1)

SPEC CHECKSUMS:
  AVOSCloud: 903429163bce9feabb4473ab07ea30ed47ba5db1
  libextobjc: d6146fce3ebea986b7f75fcb4c967639200b88b0
  ObjectiveSugar: f48793f5902c77cfc02a4ce46d2e8ecddcad4dc2
  SSKeychain: cc48bd3ad24fcd9125adb9e0d23dd50b8bbd08b9
  XXNibBridge: be70e8ca01f487cebbd601a111de03f3358f3beb

COCOAPODS: 0.35.0
