// !$*UTF8*$!
{
	archiveVersion = 1;
	classes = {
	};
	objectVersion = 46;
	objects = {

/* Begin PBXBuildFile section */
		480EC075199227510058CCA7 /* IMServer+TeamSignals.m in Sources */ = {isa = PBXBuildFile; fileRef = 480EC074199227510058CCA7 /* IMServer+TeamSignals.m */; };
		480EC078199227C20058CCA7 /* IMServer+MoneySignals.m in Sources */ = {isa = PBXBuildFile; fileRef = 480EC077199227C20058CCA7 /* IMServer+MoneySignals.m */; };
		480EC08119928F310058CCA7 /* IMTeamTally.m in Sources */ = {isa = PBXBuildFile; fileRef = 480EC08019928F310058CCA7 /* IMTeamTally.m */; };
		486BA87F1988E69900D1CBA0 /* IMRestaurant.m in Sources */ = {isa = PBXBuildFile; fileRef = 486BA87E1988E69900D1CBA0 /* IMRestaurant.m */; };
		486BA8821988E6C000D1CBA0 /* IMChargeRecord.m in Sources */ = {isa = PBXBuildFile; fileRef = 486BA8811988E6C000D1CBA0 /* IMChargeRecord.m */; };
		486BA8851988E83300D1CBA0 /* IMMemberTally.m in Sources */ = {isa = PBXBuildFile; fileRef = 486BA8841988E83300D1CBA0 /* IMMemberTally.m */; };
		48A81AE419801796007CE410 /* Foundation.framework in Frameworks */ = {isa = PBXBuildFile; fileRef = 48A81AE319801796007CE410 /* Foundation.framework */; };
		48A81B0E198018F4007CE410 /* IMMember.m in Sources */ = {isa = PBXBuildFile; fileRef = 48A81B0B198018F4007CE410 /* IMMember.m */; };
		48A81B0F198018F4007CE410 /* IMTeam.m in Sources */ = {isa = PBXBuildFile; fileRef = 48A81B0D198018F4007CE410 /* IMTeam.m */; };
		48A81B1319801D4F007CE410 /* IMServer.m in Sources */ = {isa = PBXBuildFile; fileRef = 48A81B1219801D4F007CE410 /* IMServer.m */; };
		B0C19A53742F442D9EDB13BA /* libPods-iMealModel.a in Frameworks */ = {isa = PBXBuildFile; fileRef = 98932A1B66C74AF89B7E2382 /* libPods-iMealModel.a */; };
/* End PBXBuildFile section */

/* Begin PBXCopyFilesBuildPhase section */
		48A81ADE19801796007CE410 /* CopyFiles */ = {
			isa = PBXCopyFilesBuildPhase;
			buildActionMask = 2147483647;
			dstPath = "include/$(PRODUCT_NAME)";
			dstSubfolderSpec = 16;
			files = (
			);
			runOnlyForDeploymentPostprocessing = 0;
		};
/* End PBXCopyFilesBuildPhase section */

/* Begin PBXFileReference section */
		480EC073199227510058CCA7 /* IMServer+TeamSignals.h */ = {isa = PBXFileReference; fileEncoding = 4; lastKnownFileType = sourcecode.c.h; path = "IMServer+TeamSignals.h"; sourceTree = "<group>"; };
		480EC074199227510058CCA7 /* IMServer+TeamSignals.m */ = {isa = PBXFileReference; fileEncoding = 4; lastKnownFileType = sourcecode.c.objc; path = "IMServer+TeamSignals.m"; sourceTree = "<group>"; };
		480EC076199227C20058CCA7 /* IMServer+MoneySignals.h */ = {isa = PBXFileReference; fileEncoding = 4; lastKnownFileType = sourcecode.c.h; path = "IMServer+MoneySignals.h"; sourceTree = "<group>"; };
		480EC077199227C20058CCA7 /* IMServer+MoneySignals.m */ = {isa = PBXFileReference; fileEncoding = 4; lastKnownFileType = sourcecode.c.objc; path = "IMServer+MoneySignals.m"; sourceTree = "<group>"; };
		480EC07F19928F310058CCA7 /* IMTeamTally.h */ = {isa = PBXFileReference; fileEncoding = 4; lastKnownFileType = sourcecode.c.h; path = IMTeamTally.h; sourceTree = "<group>"; };
		480EC08019928F310058CCA7 /* IMTeamTally.m */ = {isa = PBXFileReference; fileEncoding = 4; lastKnownFileType = sourcecode.c.objc; path = IMTeamTally.m; sourceTree = "<group>"; };
		486BA87D1988E69900D1CBA0 /* IMRestaurant.h */ = {isa = PBXFileReference; fileEncoding = 4; lastKnownFileType = sourcecode.c.h; path = IMRestaurant.h; sourceTree = "<group>"; };
		486BA87E1988E69900D1CBA0 /* IMRestaurant.m */ = {isa = PBXFileReference; fileEncoding = 4; lastKnownFileType = sourcecode.c.objc; path = IMRestaurant.m; sourceTree = "<group>"; };
		486BA8801988E6C000D1CBA0 /* IMChargeRecord.h */ = {isa = PBXFileReference; fileEncoding = 4; lastKnownFileType = sourcecode.c.h; path = IMChargeRecord.h; sourceTree = "<group>"; };
		486BA8811988E6C000D1CBA0 /* IMChargeRecord.m */ = {isa = PBXFileReference; fileEncoding = 4; lastKnownFileType = sourcecode.c.objc; path = IMChargeRecord.m; sourceTree = "<group>"; };
		486BA8831988E83300D1CBA0 /* IMMemberTally.h */ = {isa = PBXFileReference; fileEncoding = 4; lastKnownFileType = sourcecode.c.h; path = IMMemberTally.h; sourceTree = "<group>"; };
		486BA8841988E83300D1CBA0 /* IMMemberTally.m */ = {isa = PBXFileReference; fileEncoding = 4; lastKnownFileType = sourcecode.c.objc; path = IMMemberTally.m; sourceTree = "<group>"; };
		48A81AE019801796007CE410 /* libiMealModel.a */ = {isa = PBXFileReference; explicitFileType = archive.ar; includeInIndex = 0; path = libiMealModel.a; sourceTree = BUILT_PRODUCTS_DIR; };
		48A81AE319801796007CE410 /* Foundation.framework */ = {isa = PBXFileReference; lastKnownFileType = wrapper.framework; name = Foundation.framework; path = System/Library/Frameworks/Foundation.framework; sourceTree = SDKROOT; };
		48A81AE719801796007CE410 /* iMealModel-Prefix.pch */ = {isa = PBXFileReference; lastKnownFileType = sourcecode.c.h; path = "iMealModel-Prefix.pch"; sourceTree = "<group>"; };
		48A81AF419801796007CE410 /* UIKit.framework */ = {isa = PBXFileReference; lastKnownFileType = wrapper.framework; name = UIKit.framework; path = Library/Frameworks/UIKit.framework; sourceTree = DEVELOPER_DIR; };
		48A81B0A198018F4007CE410 /* IMMember.h */ = {isa = PBXFileReference; fileEncoding = 4; lastKnownFileType = sourcecode.c.h; path = IMMember.h; sourceTree = "<group>"; };
		48A81B0B198018F4007CE410 /* IMMember.m */ = {isa = PBXFileReference; fileEncoding = 4; lastKnownFileType = sourcecode.c.objc; path = IMMember.m; sourceTree = "<group>"; };
		48A81B0C198018F4007CE410 /* IMTeam.h */ = {isa = PBXFileReference; fileEncoding = 4; lastKnownFileType = sourcecode.c.h; path = IMTeam.h; sourceTree = "<group>"; };
		48A81B0D198018F4007CE410 /* IMTeam.m */ = {isa = PBXFileReference; fileEncoding = 4; lastKnownFileType = sourcecode.c.objc; path = IMTeam.m; sourceTree = "<group>"; };
		48A81B1119801D4F007CE410 /* IMServer.h */ = {isa = PBXFileReference; fileEncoding = 4; lastKnownFileType = sourcecode.c.h; path = IMServer.h; sourceTree = "<group>"; };
		48A81B1219801D4F007CE410 /* IMServer.m */ = {isa = PBXFileReference; fileEncoding = 4; lastKnownFileType = sourcecode.c.objc; path = IMServer.m; sourceTree = "<group>"; };
		48A81B1419801E5A007CE410 /* IMModelObjects.h */ = {isa = PBXFileReference; lastKnownFileType = sourcecode.c.h; path = IMModelObjects.h; sourceTree = "<group>"; };
		8284D1FDFEE645E1AFC944F0 /* Pods-iMealModel.xcconfig */ = {isa = PBXFileReference; includeInIndex = 1; lastKnownFileType = text.xcconfig; name = "Pods-iMealModel.xcconfig"; path = "../Pods/Pods-iMealModel.xcconfig"; sourceTree = "<group>"; };
		98932A1B66C74AF89B7E2382 /* libPods-iMealModel.a */ = {isa = PBXFileReference; explicitFileType = archive.ar; includeInIndex = 0; path = "libPods-iMealModel.a"; sourceTree = BUILT_PRODUCTS_DIR; };
/* End PBXFileReference section */

/* Begin PBXFrameworksBuildPhase section */
		48A81ADD19801796007CE410 /* Frameworks */ = {
			isa = PBXFrameworksBuildPhase;
			buildActionMask = 2147483647;
			files = (
				48A81AE419801796007CE410 /* Foundation.framework in Frameworks */,
				B0C19A53742F442D9EDB13BA /* libPods-iMealModel.a in Frameworks */,
			);
			runOnlyForDeploymentPostprocessing = 0;
		};
/* End PBXFrameworksBuildPhase section */

/* Begin PBXGroup section */
		48A81AD719801796007CE410 = {
			isa = PBXGroup;
			children = (
				48A81AE519801796007CE410 /* iMealModel */,
				48A81AE219801796007CE410 /* Frameworks */,
				48A81AE119801796007CE410 /* Products */,
				8284D1FDFEE645E1AFC944F0 /* Pods-iMealModel.xcconfig */,
			);
			sourceTree = "<group>";
		};
		48A81AE119801796007CE410 /* Products */ = {
			isa = PBXGroup;
			children = (
				48A81AE019801796007CE410 /* libiMealModel.a */,
			);
			name = Products;
			sourceTree = "<group>";
		};
		48A81AE219801796007CE410 /* Frameworks */ = {
			isa = PBXGroup;
			children = (
				48A81AE319801796007CE410 /* Foundation.framework */,
				48A81AF419801796007CE410 /* UIKit.framework */,
				98932A1B66C74AF89B7E2382 /* libPods-iMealModel.a */,
			);
			name = Frameworks;
			sourceTree = "<group>";
		};
		48A81AE519801796007CE410 /* iMealModel */ = {
			isa = PBXGroup;
			children = (
				48A81B1019801D2C007CE410 /* Server */,
				48A81B09198018F4007CE410 /* Objects */,
				48A81AE619801796007CE410 /* Supporting Files */,
			);
			path = iMealModel;
			sourceTree = "<group>";
		};
		48A81AE619801796007CE410 /* Supporting Files */ = {
			isa = PBXGroup;
			children = (
				48A81AE719801796007CE410 /* iMealModel-Prefix.pch */,
			);
			name = "Supporting Files";
			sourceTree = "<group>";
		};
		48A81B09198018F4007CE410 /* Objects */ = {
			isa = PBXGroup;
			children = (
				48A81B1419801E5A007CE410 /* IMModelObjects.h */,
				48A81B0A198018F4007CE410 /* IMMember.h */,
				48A81B0B198018F4007CE410 /* IMMember.m */,
				48A81B0C198018F4007CE410 /* IMTeam.h */,
				48A81B0D198018F4007CE410 /* IMTeam.m */,
				486BA87D1988E69900D1CBA0 /* IMRestaurant.h */,
				486BA87E1988E69900D1CBA0 /* IMRestaurant.m */,
				486BA8801988E6C000D1CBA0 /* IMChargeRecord.h */,
				486BA8811988E6C000D1CBA0 /* IMChargeRecord.m */,
				486BA8831988E83300D1CBA0 /* IMMemberTally.h */,
				486BA8841988E83300D1CBA0 /* IMMemberTally.m */,
				480EC07F19928F310058CCA7 /* IMTeamTally.h */,
				480EC08019928F310058CCA7 /* IMTeamTally.m */,
			);
			path = Objects;
			sourceTree = "<group>";
		};
		48A81B1019801D2C007CE410 /* Server */ = {
			isa = PBXGroup;
			children = (
				48A81B1119801D4F007CE410 /* IMServer.h */,
				48A81B1219801D4F007CE410 /* IMServer.m */,
				480EC073199227510058CCA7 /* IMServer+TeamSignals.h */,
				480EC074199227510058CCA7 /* IMServer+TeamSignals.m */,
				480EC076199227C20058CCA7 /* IMServer+MoneySignals.h */,
				480EC077199227C20058CCA7 /* IMServer+MoneySignals.m */,
			);
			path = Server;
			sourceTree = "<group>";
		};
/* End PBXGroup section */

/* Begin PBXNativeTarget section */
		48A81ADF19801796007CE410 /* iMealModel */ = {
			isa = PBXNativeTarget;
			buildConfigurationList = 48A81B0319801796007CE410 /* Build configuration list for PBXNativeTarget "iMealModel" */;
			buildPhases = (
				48A81ADC19801796007CE410 /* Sources */,
				48A81ADD19801796007CE410 /* Frameworks */,
				48A81ADE19801796007CE410 /* CopyFiles */,
				08DA59EEE2834966AA7F33F1 /* Copy Pods Resources */,
			);
			buildRules = (
			);
			dependencies = (
			);
			name = iMealModel;
			productName = iMealModel;
			productReference = 48A81AE019801796007CE410 /* libiMealModel.a */;
			productType = "com.apple.product-type.library.static";
		};
/* End PBXNativeTarget section */

/* Begin PBXProject section */
		48A81AD819801796007CE410 /* Project object */ = {
			isa = PBXProject;
			attributes = {
				LastUpgradeCheck = 0510;
			};
			buildConfigurationList = 48A81ADB19801796007CE410 /* Build configuration list for PBXProject "iMealModel" */;
			compatibilityVersion = "Xcode 3.2";
			developmentRegion = English;
			hasScannedForEncodings = 0;
			knownRegions = (
				en,
			);
			mainGroup = 48A81AD719801796007CE410;
			productRefGroup = 48A81AE119801796007CE410 /* Products */;
			projectDirPath = "";
			projectRoot = "";
			targets = (
				48A81ADF19801796007CE410 /* iMealModel */,
			);
		};
/* End PBXProject section */

/* Begin PBXShellScriptBuildPhase section */
		08DA59EEE2834966AA7F33F1 /* Copy Pods Resources */ = {
			isa = PBXShellScriptBuildPhase;
			buildActionMask = 2147483647;
			files = (
			);
			inputPaths = (
			);
			name = "Copy Pods Resources";
			outputPaths = (
			);
			runOnlyForDeploymentPostprocessing = 0;
			shellPath = /bin/sh;
			shellScript = "\"${SRCROOT}/../Pods/Pods-iMealModel-resources.sh\"\n";
			showEnvVarsInLog = 0;
		};
/* End PBXShellScriptBuildPhase section */

/* Begin PBXSourcesBuildPhase section */
		48A81ADC19801796007CE410 /* Sources */ = {
			isa = PBXSourcesBuildPhase;
			buildActionMask = 2147483647;
			files = (
				48A81B0E198018F4007CE410 /* IMMember.m in Sources */,
				48A81B0F198018F4007CE410 /* IMTeam.m in Sources */,
				48A81B1319801D4F007CE410 /* IMServer.m in Sources */,
				486BA8851988E83300D1CBA0 /* IMMemberTally.m in Sources */,
				486BA87F1988E69900D1CBA0 /* IMRestaurant.m in Sources */,
				480EC08119928F310058CCA7 /* IMTeamTally.m in Sources */,
				480EC075199227510058CCA7 /* IMServer+TeamSignals.m in Sources */,
				480EC078199227C20058CCA7 /* IMServer+MoneySignals.m in Sources */,
				486BA8821988E6C000D1CBA0 /* IMChargeRecord.m in Sources */,
			);
			runOnlyForDeploymentPostprocessing = 0;
		};
/* End PBXSourcesBuildPhase section */

/* Begin XCBuildConfiguration section */
		48A81B0119801796007CE410 /* Debug */ = {
			isa = XCBuildConfiguration;
			buildSettings = {
				ALWAYS_SEARCH_USER_PATHS = NO;
				CLANG_CXX_LANGUAGE_STANDARD = "gnu++0x";
				CLANG_CXX_LIBRARY = "libc++";
				CLANG_ENABLE_MODULES = YES;
				CLANG_ENABLE_OBJC_ARC = YES;
				CLANG_WARN_BOOL_CONVERSION = YES;
				CLANG_WARN_CONSTANT_CONVERSION = YES;
				CLANG_WARN_DIRECT_OBJC_ISA_USAGE = YES_ERROR;
				CLANG_WARN_EMPTY_BODY = YES;
				CLANG_WARN_ENUM_CONVERSION = YES;
				CLANG_WARN_INT_CONVERSION = YES;
				CLANG_WARN_OBJC_ROOT_CLASS = YES_ERROR;
				CLANG_WARN__DUPLICATE_METHOD_MATCH = YES;
				COPY_PHASE_STRIP = NO;
				GCC_C_LANGUAGE_STANDARD = gnu99;
				GCC_DYNAMIC_NO_PIC = NO;
				GCC_OPTIMIZATION_LEVEL = 0;
				GCC_PREPROCESSOR_DEFINITIONS = (
					"DEBUG=1",
					"$(inherited)",
				);
				GCC_SYMBOLS_PRIVATE_EXTERN = NO;
				GCC_WARN_64_TO_32_BIT_CONVERSION = YES;
				GCC_WARN_ABOUT_RETURN_TYPE = YES_ERROR;
				GCC_WARN_UNDECLARED_SELECTOR = YES;
				GCC_WARN_UNINITIALIZED_AUTOS = YES_AGGRESSIVE;
				GCC_WARN_UNUSED_FUNCTION = YES;
				GCC_WARN_UNUSED_VARIABLE = YES;
				IPHONEOS_DEPLOYMENT_TARGET = 7.1;
				ONLY_ACTIVE_ARCH = YES;
				SDKROOT = iphoneos;
			};
			name = Debug;
		};
		48A81B0219801796007CE410 /* Release */ = {
			isa = XCBuildConfiguration;
			buildSettings = {
				ALWAYS_SEARCH_USER_PATHS = NO;
				CLANG_CXX_LANGUAGE_STANDARD = "gnu++0x";
				CLANG_CXX_LIBRARY = "libc++";
				CLANG_ENABLE_MODULES = YES;
				CLANG_ENABLE_OBJC_ARC = YES;
				CLANG_WARN_BOOL_CONVERSION = YES;
				CLANG_WARN_CONSTANT_CONVERSION = YES;
				CLANG_WARN_DIRECT_OBJC_ISA_USAGE = YES_ERROR;
				CLANG_WARN_EMPTY_BODY = YES;
				CLANG_WARN_ENUM_CONVERSION = YES;
				CLANG_WARN_INT_CONVERSION = YES;
				CLANG_WARN_OBJC_ROOT_CLASS = YES_ERROR;
				CLANG_WARN__DUPLICATE_METHOD_MATCH = YES;
				COPY_PHASE_STRIP = YES;
				ENABLE_NS_ASSERTIONS = NO;
				GCC_C_LANGUAGE_STANDARD = gnu99;
				GCC_WARN_64_TO_32_BIT_CONVERSION = YES;
				GCC_WARN_ABOUT_RETURN_TYPE = YES_ERROR;
				GCC_WARN_UNDECLARED_SELECTOR = YES;
				GCC_WARN_UNINITIALIZED_AUTOS = YES_AGGRESSIVE;
				GCC_WARN_UNUSED_FUNCTION = YES;
				GCC_WARN_UNUSED_VARIABLE = YES;
				IPHONEOS_DEPLOYMENT_TARGET = 7.1;
				SDKROOT = iphoneos;
				VALIDATE_PRODUCT = YES;
			};
			name = Release;
		};
		48A81B0419801796007CE410 /* Debug */ = {
			isa = XCBuildConfiguration;
			baseConfigurationReference = 8284D1FDFEE645E1AFC944F0 /* Pods-iMealModel.xcconfig */;
			buildSettings = {
				DSTROOT = /tmp/iMealModel.dst;
				GCC_PRECOMPILE_PREFIX_HEADER = YES;
				GCC_PREFIX_HEADER = "iMealModel/iMealModel-Prefix.pch";
				HEADER_SEARCH_PATHS = (
					"\"${PODS_ROOT}/Headers\"",
					"\"${PODS_ROOT}/Headers/AVOSCloud\"",
					"\"${PODS_ROOT}/Headers/ReactiveCocoa\"",
					"\"${PODS_ROOT}/Headers/ReactiveCocoa/ReactiveCocoa\"",
					"\"${PODS_ROOT}/Headers/UIImageView-PlayGIF\"",
					"./Pods/Headers/**",
				);
				LIBRARY_SEARCH_PATHS = (
					"$(inherited)",
					"/Users/sunnyxx/git/iMeal/Pods/build/Debug-iphoneos",
				);
				OTHER_LDFLAGS = "-ObjC";
				PRODUCT_NAME = "$(TARGET_NAME)";
				SKIP_INSTALL = YES;
			};
			name = Debug;
		};
		48A81B0519801796007CE410 /* Release */ = {
			isa = XCBuildConfiguration;
			baseConfigurationReference = 8284D1FDFEE645E1AFC944F0 /* Pods-iMealModel.xcconfig */;
			buildSettings = {
				DSTROOT = /tmp/iMealModel.dst;
				GCC_PRECOMPILE_PREFIX_HEADER = YES;
				GCC_PREFIX_HEADER = "iMealModel/iMealModel-Prefix.pch";
				HEADER_SEARCH_PATHS = (
					"\"${PODS_ROOT}/Headers\"",
					"\"${PODS_ROOT}/Headers/AVOSCloud\"",
					"\"${PODS_ROOT}/Headers/ReactiveCocoa\"",
					"\"${PODS_ROOT}/Headers/ReactiveCocoa/ReactiveCocoa\"",
					"\"${PODS_ROOT}/Headers/UIImageView-PlayGIF\"",
					"./Pods/Headers/**",
				);
				LIBRARY_SEARCH_PATHS = (
					"$(inherited)",
					"/Users/sunnyxx/git/iMeal/Pods/build/Debug-iphoneos",
				);
				OTHER_LDFLAGS = "-ObjC";
				PRODUCT_NAME = "$(TARGET_NAME)";
				SKIP_INSTALL = YES;
			};
			name = Release;
		};
/* End XCBuildConfiguration section */

/* Begin XCConfigurationList section */
		48A81ADB19801796007CE410 /* Build configuration list for PBXProject "iMealModel" */ = {
			isa = XCConfigurationList;
			buildConfigurations = (
				48A81B0119801796007CE410 /* Debug */,
				48A81B0219801796007CE410 /* Release */,
			);
			defaultConfigurationIsVisible = 0;
			defaultConfigurationName = Release;
		};
		48A81B0319801796007CE410 /* Build configuration list for PBXNativeTarget "iMealModel" */ = {
			isa = XCConfigurationList;
			buildConfigurations = (
				48A81B0419801796007CE410 /* Debug */,
				48A81B0519801796007CE410 /* Release */,
			);
			defaultConfigurationIsVisible = 0;
			defaultConfigurationName = Release;
		};
/* End XCConfigurationList section */
	};
	rootObject = 48A81AD819801796007CE410 /* Project object */;
}
