// !$*UTF8*$!
{
	archiveVersion = 1;
	classes = {
	};
	objectVersion = 46;
	objects = {

/* Begin PBXBuildFile section */
		484E7C3C1A88687D007CC566 /* Images.xcassets in Resources */ = {isa = PBXBuildFile; fileRef = 484E7C3B1A88687D007CC566 /* Images.xcassets */; };
		484E7C421A8868BD007CC566 /* AppDelegate.m in Sources */ = {isa = PBXBuildFile; fileRef = 484E7C3F1A8868BC007CC566 /* AppDelegate.m */; };
		484E7C441A8868BD007CC566 /* main.m in Sources */ = {isa = PBXBuildFile; fileRef = 484E7C411A8868BC007CC566 /* main.m */; };
		484E7C4A1A88692F007CC566 /* LaunchScreen.xib in Resources */ = {isa = PBXBuildFile; fileRef = 484E7C491A88692F007CC566 /* LaunchScreen.xib */; };
		484E7C4C1A886936007CC566 /* Main.storyboard in Resources */ = {isa = PBXBuildFile; fileRef = 484E7C4B1A886936007CC566 /* Main.storyboard */; };
		487E1CE51AA07B4D0018731C /* QRCode.storyboard in Resources */ = {isa = PBXBuildFile; fileRef = 487E1CE41AA07B4D0018731C /* QRCode.storyboard */; };
		487E1CE91AA07DA90018731C /* IMQRCodeRecognizerViewController.m in Sources */ = {isa = PBXBuildFile; fileRef = 487E1CE71AA07DA90018731C /* IMQRCodeRecognizerViewController.m */; };
		487E1CED1AA162B00018731C /* IMQRCodeGeneratorViewController.m in Sources */ = {isa = PBXBuildFile; fileRef = 487E1CEC1AA162B00018731C /* IMQRCodeGeneratorViewController.m */; };
		488CDB2E1AA0781300D24AAE /* IMTestEntranceViewController.m in Sources */ = {isa = PBXBuildFile; fileRef = 488CDB2D1AA0781300D24AAE /* IMTestEntranceViewController.m */; };
		9E50358693CC182458097A3E /* libPods-iMeal.a in Frameworks */ = {isa = PBXBuildFile; fileRef = F257F0EA2407A5D31FB8340C /* libPods-iMeal.a */; };
		EB695E9F1AA0C9820019B448 /* IMUser.m in Sources */ = {isa = PBXBuildFile; fileRef = EB695E9E1AA0C9820019B448 /* IMUser.m */; };
		EBF6536B1AA2D5E0003E6F05 /* IMTeam.m in Sources */ = {isa = PBXBuildFile; fileRef = EBF6536A1AA2D5E0003E6F05 /* IMTeam.m */; };
		EBF6536E1AA44BAC003E6F05 /* IMRestaurant.m in Sources */ = {isa = PBXBuildFile; fileRef = EBF6536D1AA44BAC003E6F05 /* IMRestaurant.m */; };
		EBF653711AA464E3003E6F05 /* IMBills.m in Sources */ = {isa = PBXBuildFile; fileRef = EBF653701AA464E3003E6F05 /* IMBills.m */; };
		EBF653741AA467EA003E6F05 /* IMSetup.m in Sources */ = {isa = PBXBuildFile; fileRef = EBF653731AA467EA003E6F05 /* IMSetup.m */; };
		EBF653771AA59882003E6F05 /* IMMoney.m in Sources */ = {isa = PBXBuildFile; fileRef = EBF653761AA59882003E6F05 /* IMMoney.m */; };
/* End PBXBuildFile section */

/* Begin PBXCopyFilesBuildPhase section */
		484E7BEC1A8866C2007CC566 /* Embed Frameworks */ = {
			isa = PBXCopyFilesBuildPhase;
			buildActionMask = 2147483647;
			dstPath = "";
			dstSubfolderSpec = 10;
			files = (
			);
			name = "Embed Frameworks";
			runOnlyForDeploymentPostprocessing = 0;
		};
/* End PBXCopyFilesBuildPhase section */

/* Begin PBXFileReference section */
		410D603AA9CD5398A71DD96E /* Pods-iMeal.release.xcconfig */ = {isa = PBXFileReference; includeInIndex = 1; lastKnownFileType = text.xcconfig; name = "Pods-iMeal.release.xcconfig"; path = "Pods/Target Support Files/Pods-iMeal/Pods-iMeal.release.xcconfig"; sourceTree = "<group>"; };
		484E7BA21A88654F007CC566 /* iMeal.app */ = {isa = PBXFileReference; explicitFileType = wrapper.application; includeInIndex = 0; path = iMeal.app; sourceTree = BUILT_PRODUCTS_DIR; };
		484E7C3B1A88687D007CC566 /* Images.xcassets */ = {isa = PBXFileReference; lastKnownFileType = folder.assetcatalog; path = Images.xcassets; sourceTree = "<group>"; };
		484E7C3E1A8868BC007CC566 /* AppDelegate.h */ = {isa = PBXFileReference; fileEncoding = 4; lastKnownFileType = sourcecode.c.h; path = AppDelegate.h; sourceTree = "<group>"; };
		484E7C3F1A8868BC007CC566 /* AppDelegate.m */ = {isa = PBXFileReference; fileEncoding = 4; lastKnownFileType = sourcecode.c.objc; path = AppDelegate.m; sourceTree = "<group>"; };
		484E7C401A8868BC007CC566 /* Info.plist */ = {isa = PBXFileReference; fileEncoding = 4; lastKnownFileType = text.plist.xml; path = Info.plist; sourceTree = "<group>"; };
		484E7C411A8868BC007CC566 /* main.m */ = {isa = PBXFileReference; fileEncoding = 4; lastKnownFileType = sourcecode.c.objc; path = main.m; sourceTree = "<group>"; };
		484E7C491A88692F007CC566 /* LaunchScreen.xib */ = {isa = PBXFileReference; fileEncoding = 4; lastKnownFileType = file.xib; path = LaunchScreen.xib; sourceTree = "<group>"; };
		484E7C4B1A886936007CC566 /* Main.storyboard */ = {isa = PBXFileReference; fileEncoding = 4; lastKnownFileType = file.storyboard; path = Main.storyboard; sourceTree = "<group>"; };
		487E1CE41AA07B4D0018731C /* QRCode.storyboard */ = {isa = PBXFileReference; fileEncoding = 4; lastKnownFileType = file.storyboard; path = QRCode.storyboard; sourceTree = "<group>"; };
		487E1CE61AA07DA90018731C /* IMQRCodeRecognizerViewController.h */ = {isa = PBXFileReference; fileEncoding = 4; lastKnownFileType = sourcecode.c.h; path = IMQRCodeRecognizerViewController.h; sourceTree = "<group>"; };
		487E1CE71AA07DA90018731C /* IMQRCodeRecognizerViewController.m */ = {isa = PBXFileReference; fileEncoding = 4; lastKnownFileType = sourcecode.c.objc; path = IMQRCodeRecognizerViewController.m; sourceTree = "<group>"; };
		487E1CEB1AA162B00018731C /* IMQRCodeGeneratorViewController.h */ = {isa = PBXFileReference; fileEncoding = 4; lastKnownFileType = sourcecode.c.h; path = IMQRCodeGeneratorViewController.h; sourceTree = "<group>"; };
		487E1CEC1AA162B00018731C /* IMQRCodeGeneratorViewController.m */ = {isa = PBXFileReference; fileEncoding = 4; lastKnownFileType = sourcecode.c.objc; path = IMQRCodeGeneratorViewController.m; sourceTree = "<group>"; };
		488CDB2C1AA0781300D24AAE /* IMTestEntranceViewController.h */ = {isa = PBXFileReference; fileEncoding = 4; lastKnownFileType = sourcecode.c.h; path = IMTestEntranceViewController.h; sourceTree = "<group>"; };
		488CDB2D1AA0781300D24AAE /* IMTestEntranceViewController.m */ = {isa = PBXFileReference; fileEncoding = 4; lastKnownFileType = sourcecode.c.objc; path = IMTestEntranceViewController.m; sourceTree = "<group>"; };
		C6603BA03C97512DA68209BD /* Pods-iMeal.debug.xcconfig */ = {isa = PBXFileReference; includeInIndex = 1; lastKnownFileType = text.xcconfig; name = "Pods-iMeal.debug.xcconfig"; path = "Pods/Target Support Files/Pods-iMeal/Pods-iMeal.debug.xcconfig"; sourceTree = "<group>"; };
		EB695E9D1AA0C9820019B448 /* IMUser.h */ = {isa = PBXFileReference; fileEncoding = 4; lastKnownFileType = sourcecode.c.h; path = IMUser.h; sourceTree = "<group>"; };
		EB695E9E1AA0C9820019B448 /* IMUser.m */ = {isa = PBXFileReference; fileEncoding = 4; lastKnownFileType = sourcecode.c.objc; path = IMUser.m; sourceTree = "<group>"; };
		EB695EA01AA0D33F0019B448 /* IMMarco.h */ = {isa = PBXFileReference; lastKnownFileType = sourcecode.c.h; path = IMMarco.h; sourceTree = "<group>"; };
		EBF653691AA2D5E0003E6F05 /* IMTeam.h */ = {isa = PBXFileReference; fileEncoding = 4; lastKnownFileType = sourcecode.c.h; path = IMTeam.h; sourceTree = "<group>"; };
		EBF6536A1AA2D5E0003E6F05 /* IMTeam.m */ = {isa = PBXFileReference; fileEncoding = 4; lastKnownFileType = sourcecode.c.objc; path = IMTeam.m; sourceTree = "<group>"; };
		EBF6536C1AA44BAC003E6F05 /* IMRestaurant.h */ = {isa = PBXFileReference; fileEncoding = 4; lastKnownFileType = sourcecode.c.h; path = IMRestaurant.h; sourceTree = "<group>"; };
		EBF6536D1AA44BAC003E6F05 /* IMRestaurant.m */ = {isa = PBXFileReference; fileEncoding = 4; lastKnownFileType = sourcecode.c.objc; path = IMRestaurant.m; sourceTree = "<group>"; };
		EBF6536F1AA464E3003E6F05 /* IMBills.h */ = {isa = PBXFileReference; fileEncoding = 4; lastKnownFileType = sourcecode.c.h; path = IMBills.h; sourceTree = "<group>"; };
		EBF653701AA464E3003E6F05 /* IMBills.m */ = {isa = PBXFileReference; fileEncoding = 4; lastKnownFileType = sourcecode.c.objc; path = IMBills.m; sourceTree = "<group>"; };
		EBF653721AA467EA003E6F05 /* IMSetup.h */ = {isa = PBXFileReference; fileEncoding = 4; lastKnownFileType = sourcecode.c.h; path = IMSetup.h; sourceTree = "<group>"; };
		EBF653731AA467EA003E6F05 /* IMSetup.m */ = {isa = PBXFileReference; fileEncoding = 4; lastKnownFileType = sourcecode.c.objc; path = IMSetup.m; sourceTree = "<group>"; };
		EBF653751AA59882003E6F05 /* IMMoney.h */ = {isa = PBXFileReference; fileEncoding = 4; lastKnownFileType = sourcecode.c.h; path = IMMoney.h; sourceTree = "<group>"; };
		EBF653761AA59882003E6F05 /* IMMoney.m */ = {isa = PBXFileReference; fileEncoding = 4; lastKnownFileType = sourcecode.c.objc; path = IMMoney.m; sourceTree = "<group>"; };
		EBF653781AA5AF93003E6F05 /* iMealPrefixHeader.pch */ = {isa = PBXFileReference; lastKnownFileType = sourcecode.c.h; path = iMealPrefixHeader.pch; sourceTree = "<group>"; };
		F257F0EA2407A5D31FB8340C /* libPods-iMeal.a */ = {isa = PBXFileReference; explicitFileType = archive.ar; includeInIndex = 0; path = "libPods-iMeal.a"; sourceTree = BUILT_PRODUCTS_DIR; };
/* End PBXFileReference section */

/* Begin PBXFrameworksBuildPhase section */
		484E7B9F1A88654F007CC566 /* Frameworks */ = {
			isa = PBXFrameworksBuildPhase;
			buildActionMask = 2147483647;
			files = (
				9E50358693CC182458097A3E /* libPods-iMeal.a in Frameworks */,
			);
			runOnlyForDeploymentPostprocessing = 0;
		};
/* End PBXFrameworksBuildPhase section */

/* Begin PBXGroup section */
		482382FE1AA05E190060D07F /* Utils */ = {
			isa = PBXGroup;
			children = (
				EB695EA01AA0D33F0019B448 /* IMMarco.h */,
			);
			path = Utils;
			sourceTree = "<group>";
		};
		484E7B991A88654F007CC566 = {
			isa = PBXGroup;
			children = (
				484E7BA41A88654F007CC566 /* iMeal */,
				484E7BA31A88654F007CC566 /* Products */,
				AFDA87DF9C3B5442C26C10EC /* Pods */,
				592F9AFED202EEED06E5A043 /* Frameworks */,
			);
			sourceTree = "<group>";
		};
		484E7BA31A88654F007CC566 /* Products */ = {
			isa = PBXGroup;
			children = (
				484E7BA21A88654F007CC566 /* iMeal.app */,
			);
			name = Products;
			sourceTree = "<group>";
		};
		484E7BA41A88654F007CC566 /* iMeal */ = {
			isa = PBXGroup;
			children = (
				EB695E9C1AA0C8FB0019B448 /* Model */,
				482382FE1AA05E190060D07F /* Utils */,
				484E7C451A886913007CC566 /* UI */,
				484E7C3D1A886899007CC566 /* Supporting Files */,
				484E7C3A1A88687D007CC566 /* Resources */,
			);
			path = iMeal;
			sourceTree = "<group>";
		};
		484E7C3A1A88687D007CC566 /* Resources */ = {
			isa = PBXGroup;
			children = (
				484E7C3B1A88687D007CC566 /* Images.xcassets */,
			);
			path = Resources;
			sourceTree = "<group>";
		};
		484E7C3D1A886899007CC566 /* Supporting Files */ = {
			isa = PBXGroup;
			children = (
				484E7C491A88692F007CC566 /* LaunchScreen.xib */,
				484E7C3E1A8868BC007CC566 /* AppDelegate.h */,
				484E7C3F1A8868BC007CC566 /* AppDelegate.m */,
				484E7C401A8868BC007CC566 /* Info.plist */,
				484E7C411A8868BC007CC566 /* main.m */,
				EBF653781AA5AF93003E6F05 /* iMealPrefixHeader.pch */,
			);
			path = "Supporting Files";
			sourceTree = "<group>";
		};
		484E7C451A886913007CC566 /* UI */ = {
			isa = PBXGroup;
			children = (
				487E1CE31AA07B380018731C /* QRCode */,
				484E7C4B1A886936007CC566 /* Main.storyboard */,
				488CDB2C1AA0781300D24AAE /* IMTestEntranceViewController.h */,
				488CDB2D1AA0781300D24AAE /* IMTestEntranceViewController.m */,
			);
			path = UI;
			sourceTree = "<group>";
		};
		487E1CE31AA07B380018731C /* QRCode */ = {
			isa = PBXGroup;
			children = (
				487E1CE41AA07B4D0018731C /* QRCode.storyboard */,
				487E1CE61AA07DA90018731C /* IMQRCodeRecognizerViewController.h */,
				487E1CE71AA07DA90018731C /* IMQRCodeRecognizerViewController.m */,
				487E1CEB1AA162B00018731C /* IMQRCodeGeneratorViewController.h */,
				487E1CEC1AA162B00018731C /* IMQRCodeGeneratorViewController.m */,
			);
			path = QRCode;
			sourceTree = "<group>";
		};
		592F9AFED202EEED06E5A043 /* Frameworks */ = {
			isa = PBXGroup;
			children = (
				F257F0EA2407A5D31FB8340C /* libPods-iMeal.a */,
			);
			name = Frameworks;
			sourceTree = "<group>";
		};
		AFDA87DF9C3B5442C26C10EC /* Pods */ = {
			isa = PBXGroup;
			children = (
				C6603BA03C97512DA68209BD /* Pods-iMeal.debug.xcconfig */,
				410D603AA9CD5398A71DD96E /* Pods-iMeal.release.xcconfig */,
			);
			name = Pods;
			sourceTree = "<group>";
		};
		EB695E9C1AA0C8FB0019B448 /* Model */ = {
			isa = PBXGroup;
			children = (
				EBF653721AA467EA003E6F05 /* IMSetup.h */,
				EBF653731AA467EA003E6F05 /* IMSetup.m */,
				EB695E9D1AA0C9820019B448 /* IMUser.h */,
				EB695E9E1AA0C9820019B448 /* IMUser.m */,
				EBF653691AA2D5E0003E6F05 /* IMTeam.h */,
				EBF6536A1AA2D5E0003E6F05 /* IMTeam.m */,
				EBF6536C1AA44BAC003E6F05 /* IMRestaurant.h */,
				EBF6536D1AA44BAC003E6F05 /* IMRestaurant.m */,
				EBF6536F1AA464E3003E6F05 /* IMBills.h */,
				EBF653701AA464E3003E6F05 /* IMBills.m */,
				EBF653751AA59882003E6F05 /* IMMoney.h */,
				EBF653761AA59882003E6F05 /* IMMoney.m */,
			);
			path = Model;
			sourceTree = "<group>";
		};
/* End PBXGroup section */

/* Begin PBXNativeTarget section */
		484E7BA11A88654F007CC566 /* iMeal */ = {
			isa = PBXNativeTarget;
			buildConfigurationList = 484E7BC51A886550007CC566 /* Build configuration list for PBXNativeTarget "iMeal" */;
			buildPhases = (
				7A4173327A0C5CE956E88A3A /* Check Pods Manifest.lock */,
				484E7B9E1A88654F007CC566 /* Sources */,
				484E7B9F1A88654F007CC566 /* Frameworks */,
				484E7BA01A88654F007CC566 /* Resources */,
				484E7BEC1A8866C2007CC566 /* Embed Frameworks */,
				4F61E066537D6F3E816CC54D /* Copy Pods Resources */,
			);
			buildRules = (
			);
			dependencies = (
			);
			name = iMeal;
			productName = iMeal;
			productReference = 484E7BA21A88654F007CC566 /* iMeal.app */;
			productType = "com.apple.product-type.application";
		};
/* End PBXNativeTarget section */

/* Begin PBXProject section */
		484E7B9A1A88654F007CC566 /* Project object */ = {
			isa = PBXProject;
			attributes = {
				CLASSPREFIX = IM;
				LastUpgradeCheck = 0610;
				ORGANIZATIONNAME = sunnyxx;
				TargetAttributes = {
					484E7BA11A88654F007CC566 = {
						CreatedOnToolsVersion = 6.1.1;
					};
				};
			};
			buildConfigurationList = 484E7B9D1A88654F007CC566 /* Build configuration list for PBXProject "iMeal" */;
			compatibilityVersion = "Xcode 3.2";
			developmentRegion = English;
			hasScannedForEncodings = 0;
			knownRegions = (
				en,
				Base,
			);
			mainGroup = 484E7B991A88654F007CC566;
			productRefGroup = 484E7BA31A88654F007CC566 /* Products */;
			projectDirPath = "";
			projectRoot = "";
			targets = (
				484E7BA11A88654F007CC566 /* iMeal */,
			);
		};
/* End PBXProject section */

/* Begin PBXResourcesBuildPhase section */
		484E7BA01A88654F007CC566 /* Resources */ = {
			isa = PBXResourcesBuildPhase;
			buildActionMask = 2147483647;
			files = (
				484E7C4A1A88692F007CC566 /* LaunchScreen.xib in Resources */,
				484E7C3C1A88687D007CC566 /* Images.xcassets in Resources */,
				487E1CE51AA07B4D0018731C /* QRCode.storyboard in Resources */,
				484E7C4C1A886936007CC566 /* Main.storyboard in Resources */,
			);
			runOnlyForDeploymentPostprocessing = 0;
		};
/* End PBXResourcesBuildPhase section */

/* Begin PBXShellScriptBuildPhase section */
		4F61E066537D6F3E816CC54D /* Copy Pods Resources */ = {
			isa = PBXShellScriptBuildPhase;
			buildActionMask = 2147483647;
			files = (
			);
			inputPaths = (
			);
			name = "Copy Pods Resources";
			outputPaths = (
			);
			runOnlyForDeploymentPostprocessing = 0;
			shellPath = /bin/sh;
			shellScript = "\"${SRCROOT}/Pods/Target Support Files/Pods-iMeal/Pods-iMeal-resources.sh\"\n";
			showEnvVarsInLog = 0;
		};
		7A4173327A0C5CE956E88A3A /* Check Pods Manifest.lock */ = {
			isa = PBXShellScriptBuildPhase;
			buildActionMask = 2147483647;
			files = (
			);
			inputPaths = (
			);
			name = "Check Pods Manifest.lock";
			outputPaths = (
			);
			runOnlyForDeploymentPostprocessing = 0;
			shellPath = /bin/sh;
			shellScript = "diff \"${PODS_ROOT}/../Podfile.lock\" \"${PODS_ROOT}/Manifest.lock\" > /dev/null\nif [[ $? != 0 ]] ; then\n    cat << EOM\nerror: The sandbox is not in sync with the Podfile.lock. Run 'pod install' or update your CocoaPods installation.\nEOM\n    exit 1\nfi\n";
			showEnvVarsInLog = 0;
		};
/* End PBXShellScriptBuildPhase section */

/* Begin PBXSourcesBuildPhase section */
		484E7B9E1A88654F007CC566 /* Sources */ = {
			isa = PBXSourcesBuildPhase;
			buildActionMask = 2147483647;
			files = (
				EBF653711AA464E3003E6F05 /* IMBills.m in Sources */,
				487E1CE91AA07DA90018731C /* IMQRCodeRecognizerViewController.m in Sources */,
				484E7C421A8868BD007CC566 /* AppDelegate.m in Sources */,
				EBF6536B1AA2D5E0003E6F05 /* IMTeam.m in Sources */,
				EBF653741AA467EA003E6F05 /* IMSetup.m in Sources */,
				488CDB2E1AA0781300D24AAE /* IMTestEntranceViewController.m in Sources */,
				EBF653771AA59882003E6F05 /* IMMoney.m in Sources */,
				EBF6536E1AA44BAC003E6F05 /* IMRestaurant.m in Sources */,
				487E1CED1AA162B00018731C /* IMQRCodeGeneratorViewController.m in Sources */,
				484E7C441A8868BD007CC566 /* main.m in Sources */,
				EB695E9F1AA0C9820019B448 /* IMUser.m in Sources */,
			);
			runOnlyForDeploymentPostprocessing = 0;
		};
/* End PBXSourcesBuildPhase section */

/* Begin XCBuildConfiguration section */
		484E7BC31A886550007CC566 /* Debug */ = {
			isa = XCBuildConfiguration;
			buildSettings = {
				ALWAYS_SEARCH_USER_PATHS = NO;
				CLANG_CXX_LANGUAGE_STANDARD = "gnu++0x";
				CLANG_CXX_LIBRARY = "libc++";
				CLANG_ENABLE_MODULES = YES;
				CLANG_ENABLE_OBJC_ARC = YES;
				CLANG_WARN_BOOL_CONVERSION = YES;
				CLANG_WARN_CONSTANT_CONVERSION = YES;
				CLANG_WARN_DIRECT_OBJC_ISA_USAGE = YES_ERROR;
				CLANG_WARN_EMPTY_BODY = YES;
				CLANG_WARN_ENUM_CONVERSION = YES;
				CLANG_WARN_INT_CONVERSION = YES;
				CLANG_WARN_OBJC_ROOT_CLASS = YES_ERROR;
				CLANG_WARN_UNREACHABLE_CODE = YES;
				CLANG_WARN__DUPLICATE_METHOD_MATCH = YES;
				"CODE_SIGN_IDENTITY[sdk=iphoneos*]" = "iPhone Developer";
				COPY_PHASE_STRIP = NO;
				ENABLE_STRICT_OBJC_MSGSEND = YES;
				GCC_C_LANGUAGE_STANDARD = gnu99;
				GCC_DYNAMIC_NO_PIC = NO;
				GCC_OPTIMIZATION_LEVEL = 0;
				GCC_PREPROCESSOR_DEFINITIONS = (
					"DEBUG=1",
					"$(inherited)",
				);
				GCC_SYMBOLS_PRIVATE_EXTERN = NO;
				GCC_WARN_64_TO_32_BIT_CONVERSION = YES;
				GCC_WARN_ABOUT_RETURN_TYPE = YES_ERROR;
				GCC_WARN_UNDECLARED_SELECTOR = YES;
				GCC_WARN_UNINITIALIZED_AUTOS = YES_AGGRESSIVE;
				GCC_WARN_UNUSED_FUNCTION = YES;
				GCC_WARN_UNUSED_VARIABLE = YES;
				IPHONEOS_DEPLOYMENT_TARGET = 8.1;
				MTL_ENABLE_DEBUG_INFO = YES;
				ONLY_ACTIVE_ARCH = YES;
				SDKROOT = iphoneos;
			};
			name = Debug;
		};
		484E7BC41A886550007CC566 /* Release */ = {
			isa = XCBuildConfiguration;
			buildSettings = {
				ALWAYS_SEARCH_USER_PATHS = NO;
				CLANG_CXX_LANGUAGE_STANDARD = "gnu++0x";
				CLANG_CXX_LIBRARY = "libc++";
				CLANG_ENABLE_MODULES = YES;
				CLANG_ENABLE_OBJC_ARC = YES;
				CLANG_WARN_BOOL_CONVERSION = YES;
				CLANG_WARN_CONSTANT_CONVERSION = YES;
				CLANG_WARN_DIRECT_OBJC_ISA_USAGE = YES_ERROR;
				CLANG_WARN_EMPTY_BODY = YES;
				CLANG_WARN_ENUM_CONVERSION = YES;
				CLANG_WARN_INT_CONVERSION = YES;
				CLANG_WARN_OBJC_ROOT_CLASS = YES_ERROR;
				CLANG_WARN_UNREACHABLE_CODE = YES;
				CLANG_WARN__DUPLICATE_METHOD_MATCH = YES;
				"CODE_SIGN_IDENTITY[sdk=iphoneos*]" = "iPhone Developer";
				COPY_PHASE_STRIP = YES;
				ENABLE_NS_ASSERTIONS = NO;
				ENABLE_STRICT_OBJC_MSGSEND = YES;
				GCC_C_LANGUAGE_STANDARD = gnu99;
				GCC_WARN_64_TO_32_BIT_CONVERSION = YES;
				GCC_WARN_ABOUT_RETURN_TYPE = YES_ERROR;
				GCC_WARN_UNDECLARED_SELECTOR = YES;
				GCC_WARN_UNINITIALIZED_AUTOS = YES_AGGRESSIVE;
				GCC_WARN_UNUSED_FUNCTION = YES;
				GCC_WARN_UNUSED_VARIABLE = YES;
				IPHONEOS_DEPLOYMENT_TARGET = 8.1;
				MTL_ENABLE_DEBUG_INFO = NO;
				SDKROOT = iphoneos;
				VALIDATE_PRODUCT = YES;
			};
			name = Release;
		};
		484E7BC61A886550007CC566 /* Debug */ = {
			isa = XCBuildConfiguration;
			baseConfigurationReference = C6603BA03C97512DA68209BD /* Pods-iMeal.debug.xcconfig */;
			buildSettings = {
				ASSETCATALOG_COMPILER_APPICON_NAME = AppIcon;
				GCC_PREFIX_HEADER = "$(SRCROOT)/iMeal/Supporting Files/iMealPrefixHeader.pch";
				INFOPLIST_FILE = "$(SRCROOT)/iMeal/Supporting Files/Info.plist";
				LD_RUNPATH_SEARCH_PATHS = "$(inherited) @executable_path/Frameworks";
				PRODUCT_NAME = "$(TARGET_NAME)";
				PROVISIONING_PROFILE = "0f866da5-931a-45c6-9ffb-dc78271e8e59";
			};
			name = Debug;
		};
		484E7BC71A886550007CC566 /* Release */ = {
			isa = XCBuildConfiguration;
			baseConfigurationReference = 410D603AA9CD5398A71DD96E /* Pods-iMeal.release.xcconfig */;
			buildSettings = {
				ASSETCATALOG_COMPILER_APPICON_NAME = AppIcon;
				GCC_PREFIX_HEADER = "$(SRCROOT)/iMeal/Supporting Files/iMealPrefixHeader.pch";
				INFOPLIST_FILE = "$(SRCROOT)/iMeal/Supporting Files/Info.plist";
				LD_RUNPATH_SEARCH_PATHS = "$(inherited) @executable_path/Frameworks";
				PRODUCT_NAME = "$(TARGET_NAME)";
				PROVISIONING_PROFILE = "0f866da5-931a-45c6-9ffb-dc78271e8e59";
			};
			name = Release;
		};
/* End XCBuildConfiguration section */

/* Begin XCConfigurationList section */
		484E7B9D1A88654F007CC566 /* Build configuration list for PBXProject "iMeal" */ = {
			isa = XCConfigurationList;
			buildConfigurations = (
				484E7BC31A886550007CC566 /* Debug */,
				484E7BC41A886550007CC566 /* Release */,
			);
			defaultConfigurationIsVisible = 0;
			defaultConfigurationName = Release;
		};
		484E7BC51A886550007CC566 /* Build configuration list for PBXNativeTarget "iMeal" */ = {
			isa = XCConfigurationList;
			buildConfigurations = (
				484E7BC61A886550007CC566 /* Debug */,
				484E7BC71A886550007CC566 /* Release */,
			);
			defaultConfigurationIsVisible = 0;
			defaultConfigurationName = Release;
		};
/* End XCConfigurationList section */
	};
	rootObject = 484E7B9A1A88654F007CC566 /* Project object */;
}
